
Microsoft Visual Studio Solution File, Format Version 12.00
# Visual Studio Version 16
VisualStudioVersion = 16.0.32126.315
MinimumVisualStudioVersion = 10.0.40219.1
Project("{FAE04EC0-301F-11D3-BF4B-00C04F79EFBC}") = "zar oyunu ikinci ödev", "zar oyunu ikinci ödev\zar oyunu ikinci ödev.csproj", "{5D87D787-2D8B-4BBF-9A38-7CCC19C4A127}"
EndProject
Global
	GlobalSection(SolutionConfigurationPlatforms) = preSolution
		Debug|Any CPU = Debug|Any CPU
		Release|Any CPU = Release|Any CPU
	EndGlobalSection
	GlobalSection(ProjectConfigurationPlatforms) = postSolution
		{5D87D787-2D8B-4BBF-9A38-7CCC19C4A127}.Debug|Any CPU.ActiveCfg = Debug|Any CPU
		{5D87D787-2D8B-4BBF-9A38-7CCC19C4A127}.Debug|Any CPU.Build.0 = Debug|Any CPU
		{5D87D787-2D8B-4BBF-9A38-7CCC19C4A127}.Release|Any CPU.ActiveCfg = Release|Any CPU
		{5D87D787-2D8B-4BBF-9A38-7CCC19C4A127}.Release|Any CPU.Build.0 = Release|Any CPU
	EndGlobalSection
	GlobalSection(SolutionProperties) = preSolution
		HideSolutionNode = FALSE
	EndGlobalSection
	GlobalSection(ExtensibilityGlobals) = postSolution
		SolutionGuid = {509D37EC-0396-484C-9D65-FABD85648AF0}
	EndGlobalSection
EndGlobal
